// !$*UTF8*$!
{
	archiveVersion = 1;
	classes = {
	};
	objectVersion = 56;
	objects = {

/* Begin PBXBuildFile section */
		D54779132A4159E0005A9F9F /* Measurement.swift in Sources */ = {isa = PBXBuildFile; fileRef = D54779122A4159E0005A9F9F /* Measurement.swift */; };
		D5AE23652A3D5878002C34B1 /* Fetch_TakeHomeProjectApp.swift in Sources */ = {isa = PBXBuildFile; fileRef = D5AE23642A3D5878002C34B1 /* Fetch_TakeHomeProjectApp.swift */; };
		D5AE23672A3D5878002C34B1 /* DessertListView.swift in Sources */ = {isa = PBXBuildFile; fileRef = D5AE23662A3D5878002C34B1 /* DessertListView.swift */; };
		D5AE23692A3D5879002C34B1 /* Assets.xcassets in Resources */ = {isa = PBXBuildFile; fileRef = D5AE23682A3D5879002C34B1 /* Assets.xcassets */; };
		D5AE236C2A3D5879002C34B1 /* Preview Assets.xcassets in Resources */ = {isa = PBXBuildFile; fileRef = D5AE236B2A3D5879002C34B1 /* Preview Assets.xcassets */; };
		D5AE23762A3D5879002C34B1 /* Fetch_TakeHomeProjectTests.swift in Sources */ = {isa = PBXBuildFile; fileRef = D5AE23752A3D5879002C34B1 /* Fetch_TakeHomeProjectTests.swift */; };
		D5AE23802A3D5879002C34B1 /* Fetch_TakeHomeProjectUITests.swift in Sources */ = {isa = PBXBuildFile; fileRef = D5AE237F2A3D5879002C34B1 /* Fetch_TakeHomeProjectUITests.swift */; };
		D5AE23822A3D5879002C34B1 /* Fetch_TakeHomeProjectUITestsLaunchTests.swift in Sources */ = {isa = PBXBuildFile; fileRef = D5AE23812A3D5879002C34B1 /* Fetch_TakeHomeProjectUITestsLaunchTests.swift */; };
		D5AE238F2A3D5B48002C34B1 /* NetworkManager.swift in Sources */ = {isa = PBXBuildFile; fileRef = D5AE238E2A3D5B48002C34B1 /* NetworkManager.swift */; };
		D5AE23912A3D6046002C34B1 /* DessertViewModel.swift in Sources */ = {isa = PBXBuildFile; fileRef = D5AE23902A3D6046002C34B1 /* DessertViewModel.swift */; };
		D5E7587F2A3E76E0008905B8 /* DessertDetailView.swift in Sources */ = {isa = PBXBuildFile; fileRef = D5E7587E2A3E76E0008905B8 /* DessertDetailView.swift */; };
		D5E758832A3ED61F008905B8 /* DessertDetailViewModel.swift in Sources */ = {isa = PBXBuildFile; fileRef = D5E758822A3ED61F008905B8 /* DessertDetailViewModel.swift */; };
		D5E758852A3EDB9F008905B8 /* APIEndpoint.swift in Sources */ = {isa = PBXBuildFile; fileRef = D5E758842A3EDB9F008905B8 /* APIEndpoint.swift */; };
		D5E7588B2A3FCEC1008905B8 /* ImageManager.swift in Sources */ = {isa = PBXBuildFile; fileRef = D5E7588A2A3FCEC1008905B8 /* ImageManager.swift */; };
		D5E7588D2A3FD3A8008905B8 /* NetworkHelper.swift in Sources */ = {isa = PBXBuildFile; fileRef = D5E7588C2A3FD3A8008905B8 /* NetworkHelper.swift */; };
		D5E7588F2A3FF03D008905B8 /* Dessert.swift in Sources */ = {isa = PBXBuildFile; fileRef = D5E7588E2A3FF03D008905B8 /* Dessert.swift */; };
		D5E758912A3FF0B4008905B8 /* Ingredient.swift in Sources */ = {isa = PBXBuildFile; fileRef = D5E758902A3FF0B4008905B8 /* Ingredient.swift */; };
/* End PBXBuildFile section */

/* Begin PBXContainerItemProxy section */
		D5AE23722A3D5879002C34B1 /* PBXContainerItemProxy */ = {
			isa = PBXContainerItemProxy;
			containerPortal = D5AE23592A3D5878002C34B1 /* Project object */;
			proxyType = 1;
			remoteGlobalIDString = D5AE23602A3D5878002C34B1;
			remoteInfo = Fetch_TakeHomeProject;
		};
		D5AE237C2A3D5879002C34B1 /* PBXContainerItemProxy */ = {
			isa = PBXContainerItemProxy;
			containerPortal = D5AE23592A3D5878002C34B1 /* Project object */;
			proxyType = 1;
			remoteGlobalIDString = D5AE23602A3D5878002C34B1;
			remoteInfo = Fetch_TakeHomeProject;
		};
/* End PBXContainerItemProxy section */

/* Begin PBXFileReference section */
		D54779122A4159E0005A9F9F /* Measurement.swift */ = {isa = PBXFileReference; lastKnownFileType = sourcecode.swift; path = Measurement.swift; sourceTree = "<group>"; };
		D5AE23612A3D5878002C34B1 /* Fetch_TakeHomeProject.app */ = {isa = PBXFileReference; explicitFileType = wrapper.application; includeInIndex = 0; path = Fetch_TakeHomeProject.app; sourceTree = BUILT_PRODUCTS_DIR; };
		D5AE23642A3D5878002C34B1 /* Fetch_TakeHomeProjectApp.swift */ = {isa = PBXFileReference; lastKnownFileType = sourcecode.swift; path = Fetch_TakeHomeProjectApp.swift; sourceTree = "<group>"; };
		D5AE23662A3D5878002C34B1 /* DessertListView.swift */ = {isa = PBXFileReference; lastKnownFileType = sourcecode.swift; path = DessertListView.swift; sourceTree = "<group>"; };
		D5AE23682A3D5879002C34B1 /* Assets.xcassets */ = {isa = PBXFileReference; lastKnownFileType = folder.assetcatalog; path = Assets.xcassets; sourceTree = "<group>"; };
		D5AE236B2A3D5879002C34B1 /* Preview Assets.xcassets */ = {isa = PBXFileReference; lastKnownFileType = folder.assetcatalog; path = "Preview Assets.xcassets"; sourceTree = "<group>"; };
		D5AE23712A3D5879002C34B1 /* Fetch_TakeHomeProjectTests.xctest */ = {isa = PBXFileReference; explicitFileType = wrapper.cfbundle; includeInIndex = 0; path = Fetch_TakeHomeProjectTests.xctest; sourceTree = BUILT_PRODUCTS_DIR; };
		D5AE23752A3D5879002C34B1 /* Fetch_TakeHomeProjectTests.swift */ = {isa = PBXFileReference; lastKnownFileType = sourcecode.swift; path = Fetch_TakeHomeProjectTests.swift; sourceTree = "<group>"; };
		D5AE237B2A3D5879002C34B1 /* Fetch_TakeHomeProjectUITests.xctest */ = {isa = PBXFileReference; explicitFileType = wrapper.cfbundle; includeInIndex = 0; path = Fetch_TakeHomeProjectUITests.xctest; sourceTree = BUILT_PRODUCTS_DIR; };
		D5AE237F2A3D5879002C34B1 /* Fetch_TakeHomeProjectUITests.swift */ = {isa = PBXFileReference; lastKnownFileType = sourcecode.swift; path = Fetch_TakeHomeProjectUITests.swift; sourceTree = "<group>"; };
		D5AE23812A3D5879002C34B1 /* Fetch_TakeHomeProjectUITestsLaunchTests.swift */ = {isa = PBXFileReference; lastKnownFileType = sourcecode.swift; path = Fetch_TakeHomeProjectUITestsLaunchTests.swift; sourceTree = "<group>"; };
		D5AE238E2A3D5B48002C34B1 /* NetworkManager.swift */ = {isa = PBXFileReference; lastKnownFileType = sourcecode.swift; path = NetworkManager.swift; sourceTree = "<group>"; };
		D5AE23902A3D6046002C34B1 /* DessertViewModel.swift */ = {isa = PBXFileReference; lastKnownFileType = sourcecode.swift; path = DessertViewModel.swift; sourceTree = "<group>"; };
		D5E7587E2A3E76E0008905B8 /* DessertDetailView.swift */ = {isa = PBXFileReference; lastKnownFileType = sourcecode.swift; path = DessertDetailView.swift; sourceTree = "<group>"; };
		D5E758822A3ED61F008905B8 /* DessertDetailViewModel.swift */ = {isa = PBXFileReference; lastKnownFileType = sourcecode.swift; path = DessertDetailViewModel.swift; sourceTree = "<group>"; };
		D5E758842A3EDB9F008905B8 /* APIEndpoint.swift */ = {isa = PBXFileReference; lastKnownFileType = sourcecode.swift; path = APIEndpoint.swift; sourceTree = "<group>"; };
		D5E7588A2A3FCEC1008905B8 /* ImageManager.swift */ = {isa = PBXFileReference; lastKnownFileType = sourcecode.swift; path = ImageManager.swift; sourceTree = "<group>"; };
		D5E7588C2A3FD3A8008905B8 /* NetworkHelper.swift */ = {isa = PBXFileReference; lastKnownFileType = sourcecode.swift; path = NetworkHelper.swift; sourceTree = "<group>"; };
		D5E7588E2A3FF03D008905B8 /* Dessert.swift */ = {isa = PBXFileReference; lastKnownFileType = sourcecode.swift; path = Dessert.swift; sourceTree = "<group>"; };
		D5E758902A3FF0B4008905B8 /* Ingredient.swift */ = {isa = PBXFileReference; lastKnownFileType = sourcecode.swift; path = Ingredient.swift; sourceTree = "<group>"; };
/* End PBXFileReference section */

/* Begin PBXFrameworksBuildPhase section */
		D5AE235E2A3D5878002C34B1 /* Frameworks */ = {
			isa = PBXFrameworksBuildPhase;
			buildActionMask = 2147483647;
			files = (
			);
			runOnlyForDeploymentPostprocessing = 0;
		};
		D5AE236E2A3D5879002C34B1 /* Frameworks */ = {
			isa = PBXFrameworksBuildPhase;
			buildActionMask = 2147483647;
			files = (
			);
			runOnlyForDeploymentPostprocessing = 0;
		};
		D5AE23782A3D5879002C34B1 /* Frameworks */ = {
			isa = PBXFrameworksBuildPhase;
			buildActionMask = 2147483647;
			files = (
			);
			runOnlyForDeploymentPostprocessing = 0;
		};
/* End PBXFrameworksBuildPhase section */

/* Begin PBXGroup section */
		D5AE23582A3D5878002C34B1 = {
			isa = PBXGroup;
			children = (
				D5AE23632A3D5878002C34B1 /* Fetch_TakeHomeProject */,
				D5AE23742A3D5879002C34B1 /* Fetch_TakeHomeProjectTests */,
				D5AE237E2A3D5879002C34B1 /* Fetch_TakeHomeProjectUITests */,
				D5AE23622A3D5878002C34B1 /* Products */,
			);
			sourceTree = "<group>";
		};
		D5AE23622A3D5878002C34B1 /* Products */ = {
			isa = PBXGroup;
			children = (
				D5AE23612A3D5878002C34B1 /* Fetch_TakeHomeProject.app */,
				D5AE23712A3D5879002C34B1 /* Fetch_TakeHomeProjectTests.xctest */,
				D5AE237B2A3D5879002C34B1 /* Fetch_TakeHomeProjectUITests.xctest */,
			);
			name = Products;
			sourceTree = "<group>";
		};
		D5AE23632A3D5878002C34B1 /* Fetch_TakeHomeProject */ = {
			isa = PBXGroup;
			children = (
				D5AE23642A3D5878002C34B1 /* Fetch_TakeHomeProjectApp.swift */,
				D5E758802A3E76F1008905B8 /* View */,
				D5E758812A3E7706008905B8 /* ViewModel */,
				D5E758922A3FF179008905B8 /* Model */,
				D5AE238E2A3D5B48002C34B1 /* NetworkManager.swift */,
				D5E7588C2A3FD3A8008905B8 /* NetworkHelper.swift */,
				D5E7588A2A3FCEC1008905B8 /* ImageManager.swift */,
				D5E758842A3EDB9F008905B8 /* APIEndpoint.swift */,
				D5AE23682A3D5879002C34B1 /* Assets.xcassets */,
				D5AE236A2A3D5879002C34B1 /* Preview Content */,
			);
			path = Fetch_TakeHomeProject;
			sourceTree = "<group>";
		};
		D5AE236A2A3D5879002C34B1 /* Preview Content */ = {
			isa = PBXGroup;
			children = (
				D5AE236B2A3D5879002C34B1 /* Preview Assets.xcassets */,
			);
			path = "Preview Content";
			sourceTree = "<group>";
		};
		D5AE23742A3D5879002C34B1 /* Fetch_TakeHomeProjectTests */ = {
			isa = PBXGroup;
			children = (
				D5AE23752A3D5879002C34B1 /* Fetch_TakeHomeProjectTests.swift */,
			);
			path = Fetch_TakeHomeProjectTests;
			sourceTree = "<group>";
		};
		D5AE237E2A3D5879002C34B1 /* Fetch_TakeHomeProjectUITests */ = {
			isa = PBXGroup;
			children = (
				D5AE237F2A3D5879002C34B1 /* Fetch_TakeHomeProjectUITests.swift */,
				D5AE23812A3D5879002C34B1 /* Fetch_TakeHomeProjectUITestsLaunchTests.swift */,
			);
			path = Fetch_TakeHomeProjectUITests;
			sourceTree = "<group>";
		};
		D5E758802A3E76F1008905B8 /* View */ = {
			isa = PBXGroup;
			children = (
				D5AE23662A3D5878002C34B1 /* DessertListView.swift */,
				D5E7587E2A3E76E0008905B8 /* DessertDetailView.swift */,
			);
			path = View;
			sourceTree = "<group>";
		};
		D5E758812A3E7706008905B8 /* ViewModel */ = {
			isa = PBXGroup;
			children = (
				D5AE23902A3D6046002C34B1 /* DessertViewModel.swift */,
				D5E758822A3ED61F008905B8 /* DessertDetailViewModel.swift */,
			);
			path = ViewModel;
			sourceTree = "<group>";
		};
		D5E758922A3FF179008905B8 /* Model */ = {
			isa = PBXGroup;
			children = (
				D5E7588E2A3FF03D008905B8 /* Dessert.swift */,
				D5E758902A3FF0B4008905B8 /* Ingredient.swift */,
				D54779122A4159E0005A9F9F /* Measurement.swift */,
			);
			path = Model;
			sourceTree = "<group>";
		};
/* End PBXGroup section */

/* Begin PBXNativeTarget section */
		D5AE23602A3D5878002C34B1 /* Fetch_TakeHomeProject */ = {
			isa = PBXNativeTarget;
			buildConfigurationList = D5AE23852A3D5879002C34B1 /* Build configuration list for PBXNativeTarget "Fetch_TakeHomeProject" */;
			buildPhases = (
				D5AE235D2A3D5878002C34B1 /* Sources */,
				D5AE235E2A3D5878002C34B1 /* Frameworks */,
				D5AE235F2A3D5878002C34B1 /* Resources */,
			);
			buildRules = (
			);
			dependencies = (
			);
			name = Fetch_TakeHomeProject;
			productName = Fetch_TakeHomeProject;
			productReference = D5AE23612A3D5878002C34B1 /* Fetch_TakeHomeProject.app */;
			productType = "com.apple.product-type.application";
		};
		D5AE23702A3D5879002C34B1 /* Fetch_TakeHomeProjectTests */ = {
			isa = PBXNativeTarget;
			buildConfigurationList = D5AE23882A3D5879002C34B1 /* Build configuration list for PBXNativeTarget "Fetch_TakeHomeProjectTests" */;
			buildPhases = (
				D5AE236D2A3D5879002C34B1 /* Sources */,
				D5AE236E2A3D5879002C34B1 /* Frameworks */,
				D5AE236F2A3D5879002C34B1 /* Resources */,
			);
			buildRules = (
			);
			dependencies = (
				D5AE23732A3D5879002C34B1 /* PBXTargetDependency */,
			);
			name = Fetch_TakeHomeProjectTests;
			productName = Fetch_TakeHomeProjectTests;
			productReference = D5AE23712A3D5879002C34B1 /* Fetch_TakeHomeProjectTests.xctest */;
			productType = "com.apple.product-type.bundle.unit-test";
		};
		D5AE237A2A3D5879002C34B1 /* Fetch_TakeHomeProjectUITests */ = {
			isa = PBXNativeTarget;
			buildConfigurationList = D5AE238B2A3D5879002C34B1 /* Build configuration list for PBXNativeTarget "Fetch_TakeHomeProjectUITests" */;
			buildPhases = (
				D5AE23772A3D5879002C34B1 /* Sources */,
				D5AE23782A3D5879002C34B1 /* Frameworks */,
				D5AE23792A3D5879002C34B1 /* Resources */,
			);
			buildRules = (
			);
			dependencies = (
				D5AE237D2A3D5879002C34B1 /* PBXTargetDependency */,
			);
			name = Fetch_TakeHomeProjectUITests;
			productName = Fetch_TakeHomeProjectUITests;
			productReference = D5AE237B2A3D5879002C34B1 /* Fetch_TakeHomeProjectUITests.xctest */;
			productType = "com.apple.product-type.bundle.ui-testing";
		};
/* End PBXNativeTarget section */

/* Begin PBXProject section */
		D5AE23592A3D5878002C34B1 /* Project object */ = {
			isa = PBXProject;
			attributes = {
				BuildIndependentTargetsInParallel = 1;
				LastSwiftUpdateCheck = 1430;
				LastUpgradeCheck = 1430;
				TargetAttributes = {
					D5AE23602A3D5878002C34B1 = {
						CreatedOnToolsVersion = 14.3.1;
					};
					D5AE23702A3D5879002C34B1 = {
						CreatedOnToolsVersion = 14.3.1;
						TestTargetID = D5AE23602A3D5878002C34B1;
					};
					D5AE237A2A3D5879002C34B1 = {
						CreatedOnToolsVersion = 14.3.1;
						TestTargetID = D5AE23602A3D5878002C34B1;
					};
				};
			};
			buildConfigurationList = D5AE235C2A3D5878002C34B1 /* Build configuration list for PBXProject "Fetch_TakeHomeProject" */;
			compatibilityVersion = "Xcode 14.0";
			developmentRegion = en;
			hasScannedForEncodings = 0;
			knownRegions = (
				en,
				Base,
			);
			mainGroup = D5AE23582A3D5878002C34B1;
			productRefGroup = D5AE23622A3D5878002C34B1 /* Products */;
			projectDirPath = "";
			projectRoot = "";
			targets = (
				D5AE23602A3D5878002C34B1 /* Fetch_TakeHomeProject */,
				D5AE23702A3D5879002C34B1 /* Fetch_TakeHomeProjectTests */,
				D5AE237A2A3D5879002C34B1 /* Fetch_TakeHomeProjectUITests */,
			);
		};
/* End PBXProject section */

/* Begin PBXResourcesBuildPhase section */
		D5AE235F2A3D5878002C34B1 /* Resources */ = {
			isa = PBXResourcesBuildPhase;
			buildActionMask = 2147483647;
			files = (
				D5AE236C2A3D5879002C34B1 /* Preview Assets.xcassets in Resources */,
				D5AE23692A3D5879002C34B1 /* Assets.xcassets in Resources */,
			);
			runOnlyForDeploymentPostprocessing = 0;
		};
		D5AE236F2A3D5879002C34B1 /* Resources */ = {
			isa = PBXResourcesBuildPhase;
			buildActionMask = 2147483647;
			files = (
			);
			runOnlyForDeploymentPostprocessing = 0;
		};
		D5AE23792A3D5879002C34B1 /* Resources */ = {
			isa = PBXResourcesBuildPhase;
			buildActionMask = 2147483647;
			files = (
			);
			runOnlyForDeploymentPostprocessing = 0;
		};
/* End PBXResourcesBuildPhase section */

/* Begin PBXSourcesBuildPhase section */
		D5AE235D2A3D5878002C34B1 /* Sources */ = {
			isa = PBXSourcesBuildPhase;
			buildActionMask = 2147483647;
			files = (
				D5E7588F2A3FF03D008905B8 /* Dessert.swift in Sources */,
				D5E758852A3EDB9F008905B8 /* APIEndpoint.swift in Sources */,
				D54779132A4159E0005A9F9F /* Measurement.swift in Sources */,
				D5AE238F2A3D5B48002C34B1 /* NetworkManager.swift in Sources */,
				D5AE23672A3D5878002C34B1 /* DessertListView.swift in Sources */,
				D5E7588B2A3FCEC1008905B8 /* ImageManager.swift in Sources */,
				D5E758912A3FF0B4008905B8 /* Ingredient.swift in Sources */,
				D5E7588D2A3FD3A8008905B8 /* NetworkHelper.swift in Sources */,
				D5E758832A3ED61F008905B8 /* DessertDetailViewModel.swift in Sources */,
				D5E7587F2A3E76E0008905B8 /* DessertDetailView.swift in Sources */,
				D5AE23652A3D5878002C34B1 /* Fetch_TakeHomeProjectApp.swift in Sources */,
				D5AE23912A3D6046002C34B1 /* DessertViewModel.swift in Sources */,
			);
			runOnlyForDeploymentPostprocessing = 0;
		};
		D5AE236D2A3D5879002C34B1 /* Sources */ = {
			isa = PBXSourcesBuildPhase;
			buildActionMask = 2147483647;
			files = (
				D5AE23762A3D5879002C34B1 /* Fetch_TakeHomeProjectTests.swift in Sources */,
			);
			runOnlyForDeploymentPostprocessing = 0;
		};
		D5AE23772A3D5879002C34B1 /* Sources */ = {
			isa = PBXSourcesBuildPhase;
			buildActionMask = 2147483647;
			files = (
				D5AE23802A3D5879002C34B1 /* Fetch_TakeHomeProjectUITests.swift in Sources */,
				D5AE23822A3D5879002C34B1 /* Fetch_TakeHomeProjectUITestsLaunchTests.swift in Sources */,
			);
			runOnlyForDeploymentPostprocessing = 0;
		};
/* End PBXSourcesBuildPhase section */

/* Begin PBXTargetDependency section */
		D5AE23732A3D5879002C34B1 /* PBXTargetDependency */ = {
			isa = PBXTargetDependency;
			target = D5AE23602A3D5878002C34B1 /* Fetch_TakeHomeProject */;
			targetProxy = D5AE23722A3D5879002C34B1 /* PBXContainerItemProxy */;
		};
		D5AE237D2A3D5879002C34B1 /* PBXTargetDependency */ = {
			isa = PBXTargetDependency;
			target = D5AE23602A3D5878002C34B1 /* Fetch_TakeHomeProject */;
			targetProxy = D5AE237C2A3D5879002C34B1 /* PBXContainerItemProxy */;
		};
/* End PBXTargetDependency section */

/* Begin XCBuildConfiguration section */
		D5AE23832A3D5879002C34B1 /* Debug */ = {
			isa = XCBuildConfiguration;
			buildSettings = {
				ALWAYS_SEARCH_USER_PATHS = NO;
				CLANG_ANALYZER_NONNULL = YES;
				CLANG_ANALYZER_NUMBER_OBJECT_CONVERSION = YES_AGGRESSIVE;
				CLANG_CXX_LANGUAGE_STANDARD = "gnu++20";
				CLANG_ENABLE_MODULES = YES;
				CLANG_ENABLE_OBJC_ARC = YES;
				CLANG_ENABLE_OBJC_WEAK = YES;
				CLANG_WARN_BLOCK_CAPTURE_AUTORELEASING = YES;
				CLANG_WARN_BOOL_CONVERSION = YES;
				CLANG_WARN_COMMA = YES;
				CLANG_WARN_CONSTANT_CONVERSION = YES;
				CLANG_WARN_DEPRECATED_OBJC_IMPLEMENTATIONS = YES;
				CLANG_WARN_DIRECT_OBJC_ISA_USAGE = YES_ERROR;
				CLANG_WARN_DOCUMENTATION_COMMENTS = YES;
				CLANG_WARN_EMPTY_BODY = YES;
				CLANG_WARN_ENUM_CONVERSION = YES;
				CLANG_WARN_INFINITE_RECURSION = YES;
				CLANG_WARN_INT_CONVERSION = YES;
				CLANG_WARN_NON_LITERAL_NULL_CONVERSION = YES;
				CLANG_WARN_OBJC_IMPLICIT_RETAIN_SELF = YES;
				CLANG_WARN_OBJC_LITERAL_CONVERSION = YES;
				CLANG_WARN_OBJC_ROOT_CLASS = YES_ERROR;
				CLANG_WARN_QUOTED_INCLUDE_IN_FRAMEWORK_HEADER = YES;
				CLANG_WARN_RANGE_LOOP_ANALYSIS = YES;
				CLANG_WARN_STRICT_PROTOTYPES = YES;
				CLANG_WARN_SUSPICIOUS_MOVE = YES;
				CLANG_WARN_UNGUARDED_AVAILABILITY = YES_AGGRESSIVE;
				CLANG_WARN_UNREACHABLE_CODE = YES;
				CLANG_WARN__DUPLICATE_METHOD_MATCH = YES;
				COPY_PHASE_STRIP = NO;
				DEBUG_INFORMATION_FORMAT = dwarf;
				ENABLE_STRICT_OBJC_MSGSEND = YES;
				ENABLE_TESTABILITY = YES;
				GCC_C_LANGUAGE_STANDARD = gnu11;
				GCC_DYNAMIC_NO_PIC = NO;
				GCC_NO_COMMON_BLOCKS = YES;
				GCC_OPTIMIZATION_LEVEL = 0;
				GCC_PREPROCESSOR_DEFINITIONS = (
					"DEBUG=1",
					"$(inherited)",
				);
				GCC_WARN_64_TO_32_BIT_CONVERSION = YES;
				GCC_WARN_ABOUT_RETURN_TYPE = YES_ERROR;
				GCC_WARN_UNDECLARED_SELECTOR = YES;
				GCC_WARN_UNINITIALIZED_AUTOS = YES_AGGRESSIVE;
				GCC_WARN_UNUSED_FUNCTION = YES;
				GCC_WARN_UNUSED_VARIABLE = YES;
				IPHONEOS_DEPLOYMENT_TARGET = 16.4;
				MTL_ENABLE_DEBUG_INFO = INCLUDE_SOURCE;
				MTL_FAST_MATH = YES;
				ONLY_ACTIVE_ARCH = YES;
				SDKROOT = iphoneos;
				SWIFT_ACTIVE_COMPILATION_CONDITIONS = DEBUG;
				SWIFT_OPTIMIZATION_LEVEL = "-Onone";
			};
			name = Debug;
		};
		D5AE23842A3D5879002C34B1 /* Release */ = {
			isa = XCBuildConfiguration;
			buildSettings = {
				ALWAYS_SEARCH_USER_PATHS = NO;
				CLANG_ANALYZER_NONNULL = YES;
				CLANG_ANALYZER_NUMBER_OBJECT_CONVERSION = YES_AGGRESSIVE;
				CLANG_CXX_LANGUAGE_STANDARD = "gnu++20";
				CLANG_ENABLE_MODULES = YES;
				CLANG_ENABLE_OBJC_ARC = YES;
				CLANG_ENABLE_OBJC_WEAK = YES;
				CLANG_WARN_BLOCK_CAPTURE_AUTORELEASING = YES;
				CLANG_WARN_BOOL_CONVERSION = YES;
				CLANG_WARN_COMMA = YES;
				CLANG_WARN_CONSTANT_CONVERSION = YES;
				CLANG_WARN_DEPRECATED_OBJC_IMPLEMENTATIONS = YES;
				CLANG_WARN_DIRECT_OBJC_ISA_USAGE = YES_ERROR;
				CLANG_WARN_DOCUMENTATION_COMMENTS = YES;
				CLANG_WARN_EMPTY_BODY = YES;
				CLANG_WARN_ENUM_CONVERSION = YES;
				CLANG_WARN_INFINITE_RECURSION = YES;
				CLANG_WARN_INT_CONVERSION = YES;
				CLANG_WARN_NON_LITERAL_NULL_CONVERSION = YES;
				CLANG_WARN_OBJC_IMPLICIT_RETAIN_SELF = YES;
				CLANG_WARN_OBJC_LITERAL_CONVERSION = YES;
				CLANG_WARN_OBJC_ROOT_CLASS = YES_ERROR;
				CLANG_WARN_QUOTED_INCLUDE_IN_FRAMEWORK_HEADER = YES;
				CLANG_WARN_RANGE_LOOP_ANALYSIS = YES;
				CLANG_WARN_STRICT_PROTOTYPES = YES;
				CLANG_WARN_SUSPICIOUS_MOVE = YES;
				CLANG_WARN_UNGUARDED_AVAILABILITY = YES_AGGRESSIVE;
				CLANG_WARN_UNREACHABLE_CODE = YES;
				CLANG_WARN__DUPLICATE_METHOD_MATCH = YES;
				COPY_PHASE_STRIP = NO;
				DEBUG_INFORMATION_FORMAT = "dwarf-with-dsym";
				ENABLE_NS_ASSERTIONS = NO;
				ENABLE_STRICT_OBJC_MSGSEND = YES;
				GCC_C_LANGUAGE_STANDARD = gnu11;
				GCC_NO_COMMON_BLOCKS = YES;
				GCC_WARN_64_TO_32_BIT_CONVERSION = YES;
				GCC_WARN_ABOUT_RETURN_TYPE = YES_ERROR;
				GCC_WARN_UNDECLARED_SELECTOR = YES;
				GCC_WARN_UNINITIALIZED_AUTOS = YES_AGGRESSIVE;
				GCC_WARN_UNUSED_FUNCTION = YES;
				GCC_WARN_UNUSED_VARIABLE = YES;
				IPHONEOS_DEPLOYMENT_TARGET = 16.4;
				MTL_ENABLE_DEBUG_INFO = NO;
				MTL_FAST_MATH = YES;
				SDKROOT = iphoneos;
				SWIFT_COMPILATION_MODE = wholemodule;
				SWIFT_OPTIMIZATION_LEVEL = "-O";
				VALIDATE_PRODUCT = YES;
			};
			name = Release;
		};
		D5AE23862A3D5879002C34B1 /* Debug */ = {
			isa = XCBuildConfiguration;
			buildSettings = {
				ASSETCATALOG_COMPILER_APPICON_NAME = AppIcon;
				ASSETCATALOG_COMPILER_GLOBAL_ACCENT_COLOR_NAME = AccentColor;
				CODE_SIGN_STYLE = Automatic;
				CURRENT_PROJECT_VERSION = 1;
				DEVELOPMENT_ASSET_PATHS = "\"Fetch_TakeHomeProject/Preview Content\"";
				DEVELOPMENT_TEAM = 98G68BQFCS;
				ENABLE_PREVIEWS = YES;
				GENERATE_INFOPLIST_FILE = YES;
				INFOPLIST_KEY_UIApplicationSceneManifest_Generation = YES;
				INFOPLIST_KEY_UIApplicationSupportsIndirectInputEvents = YES;
				INFOPLIST_KEY_UILaunchScreen_Generation = YES;
				INFOPLIST_KEY_UISupportedInterfaceOrientations_iPad = "UIInterfaceOrientationPortrait UIInterfaceOrientationPortraitUpsideDown UIInterfaceOrientationLandscapeLeft UIInterfaceOrientationLandscapeRight";
				INFOPLIST_KEY_UISupportedInterfaceOrientations_iPhone = "UIInterfaceOrientationPortrait UIInterfaceOrientationLandscapeLeft UIInterfaceOrientationLandscapeRight";
				IPHONEOS_DEPLOYMENT_TARGET = 15.0;
				LD_RUNPATH_SEARCH_PATHS = (
					"$(inherited)",
					"@executable_path/Frameworks",
				);
				MARKETING_VERSION = 1.0;
				PRODUCT_BUNDLE_IDENTIFIER = "com.hunterboone.Fetch-TakeHomeProject";
				PRODUCT_NAME = "$(TARGET_NAME)";
				SWIFT_EMIT_LOC_STRINGS = YES;
				SWIFT_VERSION = 5.0;
				TARGETED_DEVICE_FAMILY = "1,2";
			};
			name = Debug;
		};
		D5AE23872A3D5879002C34B1 /* Release */ = {
			isa = XCBuildConfiguration;
			buildSettings = {
				ASSETCATALOG_COMPILER_APPICON_NAME = AppIcon;
				ASSETCATALOG_COMPILER_GLOBAL_ACCENT_COLOR_NAME = AccentColor;
				CODE_SIGN_STYLE = Automatic;
				CURRENT_PROJECT_VERSION = 1;
				DEVELOPMENT_ASSET_PATHS = "\"Fetch_TakeHomeProject/Preview Content\"";
				DEVELOPMENT_TEAM = 98G68BQFCS;
				ENABLE_PREVIEWS = YES;
				GENERATE_INFOPLIST_FILE = YES;
				INFOPLIST_KEY_UIApplicationSceneManifest_Generation = YES;
				INFOPLIST_KEY_UIApplicationSupportsIndirectInputEvents = YES;
				INFOPLIST_KEY_UILaunchScreen_Generation = YES;
				INFOPLIST_KEY_UISupportedInterfaceOrientations_iPad = "UIInterfaceOrientationPortrait UIInterfaceOrientationPortraitUpsideDown UIInterfaceOrientationLandscapeLeft UIInterfaceOrientationLandscapeRight";
				INFOPLIST_KEY_UISupportedInterfaceOrientations_iPhone = "UIInterfaceOrientationPortrait UIInterfaceOrientationLandscapeLeft UIInterfaceOrientationLandscapeRight";
				IPHONEOS_DEPLOYMENT_TARGET = 15.0;
				LD_RUNPATH_SEARCH_PATHS = (
					"$(inherited)",
					"@executable_path/Frameworks",
				);
				MARKETING_VERSION = 1.0;
				PRODUCT_BUNDLE_IDENTIFIER = "com.hunterboone.Fetch-TakeHomeProject";
				PRODUCT_NAME = "$(TARGET_NAME)";
				SWIFT_EMIT_LOC_STRINGS = YES;
				SWIFT_VERSION = 5.0;
				TARGETED_DEVICE_FAMILY = "1,2";
			};
			name = Release;
		};
		D5AE23892A3D5879002C34B1 /* Debug */ = {
			isa = XCBuildConfiguration;
			buildSettings = {
				ALWAYS_EMBED_SWIFT_STANDARD_LIBRARIES = YES;
				BUNDLE_LOADER = "$(TEST_HOST)";
				CODE_SIGN_STYLE = Automatic;
				CURRENT_PROJECT_VERSION = 1;
				DEVELOPMENT_TEAM = 98G68BQFCS;
				GENERATE_INFOPLIST_FILE = YES;
				IPHONEOS_DEPLOYMENT_TARGET = 16.4;
				MARKETING_VERSION = 1.0;
				PRODUCT_BUNDLE_IDENTIFIER = "com.hunterboone.Fetch-TakeHomeProjectTests";
				PRODUCT_NAME = "$(TARGET_NAME)";
				SWIFT_EMIT_LOC_STRINGS = NO;
				SWIFT_VERSION = 5.0;
				TARGETED_DEVICE_FAMILY = "1,2";
				TEST_HOST = "$(BUILT_PRODUCTS_DIR)/Fetch_TakeHomeProject.app/$(BUNDLE_EXECUTABLE_FOLDER_PATH)/Fetch_TakeHomeProject";
			};
			name = Debug;
		};
		D5AE238A2A3D5879002C34B1 /* Release */ = {
			isa = XCBuildConfiguration;
			buildSettings = {
				ALWAYS_EMBED_SWIFT_STANDARD_LIBRARIES = YES;
				BUNDLE_LOADER = "$(TEST_HOST)";
				CODE_SIGN_STYLE = Automatic;
				CURRENT_PROJECT_VERSION = 1;
				DEVELOPMENT_TEAM = 98G68BQFCS;
				GENERATE_INFOPLIST_FILE = YES;
				IPHONEOS_DEPLOYMENT_TARGET = 16.4;
				MARKETING_VERSION = 1.0;
				PRODUCT_BUNDLE_IDENTIFIER = "com.hunterboone.Fetch-TakeHomeProjectTests";
				PRODUCT_NAME = "$(TARGET_NAME)";
				SWIFT_EMIT_LOC_STRINGS = NO;
				SWIFT_VERSION = 5.0;
				TARGETED_DEVICE_FAMILY = "1,2";
				TEST_HOST = "$(BUILT_PRODUCTS_DIR)/Fetch_TakeHomeProject.app/$(BUNDLE_EXECUTABLE_FOLDER_PATH)/Fetch_TakeHomeProject";
			};
			name = Release;
		};
		D5AE238C2A3D5879002C34B1 /* Debug */ = {
			isa = XCBuildConfiguration;
			buildSettings = {
				ALWAYS_EMBED_SWIFT_STANDARD_LIBRARIES = YES;
				CODE_SIGN_STYLE = Automatic;
				CURRENT_PROJECT_VERSION = 1;
				DEVELOPMENT_TEAM = 98G68BQFCS;
				GENERATE_INFOPLIST_FILE = YES;
				MARKETING_VERSION = 1.0;
				PRODUCT_BUNDLE_IDENTIFIER = "com.hunterboone.Fetch-TakeHomeProjectUITests";
				PRODUCT_NAME = "$(TARGET_NAME)";
				SWIFT_EMIT_LOC_STRINGS = NO;
				SWIFT_VERSION = 5.0;
				TARGETED_DEVICE_FAMILY = "1,2";
				TEST_TARGET_NAME = Fetch_TakeHomeProject;
			};
			name = Debug;
		};
		D5AE238D2A3D5879002C34B1 /* Release */ = {
			isa = XCBuildConfiguration;
			buildSettings = {
				ALWAYS_EMBED_SWIFT_STANDARD_LIBRARIES = YES;
				CODE_SIGN_STYLE = Automatic;
				CURRENT_PROJECT_VERSION = 1;
				DEVELOPMENT_TEAM = 98G68BQFCS;
				GENERATE_INFOPLIST_FILE = YES;
				MARKETING_VERSION = 1.0;
				PRODUCT_BUNDLE_IDENTIFIER = "com.hunterboone.Fetch-TakeHomeProjectUITests";
				PRODUCT_NAME = "$(TARGET_NAME)";
				SWIFT_EMIT_LOC_STRINGS = NO;
				SWIFT_VERSION = 5.0;
				TARGETED_DEVICE_FAMILY = "1,2";
				TEST_TARGET_NAME = Fetch_TakeHomeProject;
			};
			name = Release;
		};
/* End XCBuildConfiguration section */

/* Begin XCConfigurationList section */
		D5AE235C2A3D5878002C34B1 /* Build configuration list for PBXProject "Fetch_TakeHomeProject" */ = {
			isa = XCConfigurationList;
			buildConfigurations = (
				D5AE23832A3D5879002C34B1 /* Debug */,
				D5AE23842A3D5879002C34B1 /* Release */,
			);
			defaultConfigurationIsVisible = 0;
			defaultConfigurationName = Release;
		};
		D5AE23852A3D5879002C34B1 /* Build configuration list for PBXNativeTarget "Fetch_TakeHomeProject" */ = {
			isa = XCConfigurationList;
			buildConfigurations = (
				D5AE23862A3D5879002C34B1 /* Debug */,
				D5AE23872A3D5879002C34B1 /* Release */,
			);
			defaultConfigurationIsVisible = 0;
			defaultConfigurationName = Release;
		};
		D5AE23882A3D5879002C34B1 /* Build configuration list for PBXNativeTarget "Fetch_TakeHomeProjectTests" */ = {
			isa = XCConfigurationList;
			buildConfigurations = (
				D5AE23892A3D5879002C34B1 /* Debug */,
				D5AE238A2A3D5879002C34B1 /* Release */,
			);
			defaultConfigurationIsVisible = 0;
			defaultConfigurationName = Release;
		};
		D5AE238B2A3D5879002C34B1 /* Build configuration list for PBXNativeTarget "Fetch_TakeHomeProjectUITests" */ = {
			isa = XCConfigurationList;
			buildConfigurations = (
				D5AE238C2A3D5879002C34B1 /* Debug */,
				D5AE238D2A3D5879002C34B1 /* Release */,
			);
			defaultConfigurationIsVisible = 0;
			defaultConfigurationName = Release;
		};
/* End XCConfigurationList section */
	};
	rootObject = D5AE23592A3D5878002C34B1 /* Project object */;
}
